
Microsoft Visual Studio Solution File, Format Version 12.00
# Visual Studio Version 17
VisualStudioVersion = 17.11.35327.3
MinimumVisualStudioVersion = 10.0.40219.1
Project("{FAE04EC0-301F-11D3-BF4B-00C04F79EFBC}") = "ConsoleApp2", "ConsoleApp2.csproj", "{FA396B62-5A77-49E7-AC87-1EF7D6F6588F}"
EndProject
Global
	GlobalSection(SolutionConfigurationPlatforms) = preSolution
		Debug|Any CPU = Debug|Any CPU
		Release|Any CPU = Release|Any CPU
	EndGlobalSection
	GlobalSection(ProjectConfigurationPlatforms) = postSolution
		{FA396B62-5A77-49E7-AC87-1EF7D6F6588F}.Debug|Any CPU.ActiveCfg = Debug|Any CPU
		{FA396B62-5A77-49E7-AC87-1EF7D6F6588F}.Debug|Any CPU.Build.0 = Debug|Any CPU
		{FA396B62-5A77-49E7-AC87-1EF7D6F6588F}.Release|Any CPU.ActiveCfg = Release|Any CPU
		{FA396B62-5A77-49E7-AC87-1EF7D6F6588F}.Release|Any CPU.Build.0 = Release|Any CPU
	EndGlobalSection
	GlobalSection(SolutionProperties) = preSolution
		HideSolutionNode = FALSE
	EndGlobalSection
	GlobalSection(ExtensibilityGlobals) = postSolution
		SolutionGuid = {975E62E1-A5C9-472E-A9B3-FAB84136D48B}
	EndGlobalSection
EndGlobal
