
Microsoft Visual Studio Solution File, Format Version 12.00
# Visual Studio Version 17
VisualStudioVersion = 17.13.35818.85 d17.13
MinimumVisualStudioVersion = 10.0.40219.1
Project("{FAE04EC0-301F-11D3-BF4B-00C04F79EFBC}") = "CoreWebAppMvc", "CoreWebAppMvc\CoreWebAppMvc.csproj", "{CEA45B82-9AA6-4F91-9EA2-92F53DE7926A}"
EndProject
Global
	GlobalSection(SolutionConfigurationPlatforms) = preSolution
		Debug|Any CPU = Debug|Any CPU
		Release|Any CPU = Release|Any CPU
	EndGlobalSection
	GlobalSection(ProjectConfigurationPlatforms) = postSolution
		{CEA45B82-9AA6-4F91-9EA2-92F53DE7926A}.Debug|Any CPU.ActiveCfg = Debug|Any CPU
		{CEA45B82-9AA6-4F91-9EA2-92F53DE7926A}.Debug|Any CPU.Build.0 = Debug|Any CPU
		{CEA45B82-9AA6-4F91-9EA2-92F53DE7926A}.Release|Any CPU.ActiveCfg = Release|Any CPU
		{CEA45B82-9AA6-4F91-9EA2-92F53DE7926A}.Release|Any CPU.Build.0 = Release|Any CPU
	EndGlobalSection
	GlobalSection(SolutionProperties) = preSolution
		HideSolutionNode = FALSE
	EndGlobalSection
	GlobalSection(ExtensibilityGlobals) = postSolution
		SolutionGuid = {16A7A3A2-1C3A-4B32-AED4-A04C17AA5F7B}
	EndGlobalSection
EndGlobal
